
Microsoft Visual Studio Solution File, Format Version 12.00
# Visual Studio 2017
Project("{FAE04EC0-301F-11D3-BF4B-00C04F79EFBC}") = "MultiBoxing.Plugins", "MultiBoxing.Plugins.csproj", "{664561CB-7976-4744-8DDC-2E67AD32A7A1}"
EndProject
Project("{FAE04EC0-301F-11D3-BF4B-00C04F79EFBC}") = "MultiBoxing", "MultiBoxing.csproj", "{FEAF9D89-445C-B2D6-555C-AC7BFE60C9D6}"
EndProject
Project("{FAE04EC0-301F-11D3-BF4B-00C04F79EFBC}") = "MultiBoxing.Editor", "MultiBoxing.Editor.csproj", "{990AB6D1-A4FD-E306-E0B1-F36A952D7F12}"
EndProject
Project("{FAE04EC0-301F-11D3-BF4B-00C04F79EFBC}") = "MultiBoxing.Editor.Plugins", "MultiBoxing.Editor.Plugins.csproj", "{99BD5D33-A733-12EA-C60B-F08EFE05870D}"
EndProject
Global
	GlobalSection(SolutionConfigurationPlatforms) = preSolution
		Debug|Any CPU = Debug|Any CPU
		Release|Any CPU = Release|Any CPU
	EndGlobalSection
	GlobalSection(ProjectConfigurationPlatforms) = postSolution
		{664561CB-7976-4744-8DDC-2E67AD32A7A1}.Debug|Any CPU.ActiveCfg = Debug|Any CPU
		{664561CB-7976-4744-8DDC-2E67AD32A7A1}.Debug|Any CPU.Build.0 = Debug|Any CPU
		{664561CB-7976-4744-8DDC-2E67AD32A7A1}.Release|Any CPU.ActiveCfg = Release|Any CPU
		{664561CB-7976-4744-8DDC-2E67AD32A7A1}.Release|Any CPU.Build.0 = Release|Any CPU
		{FEAF9D89-445C-B2D6-555C-AC7BFE60C9D6}.Debug|Any CPU.ActiveCfg = Debug|Any CPU
		{FEAF9D89-445C-B2D6-555C-AC7BFE60C9D6}.Debug|Any CPU.Build.0 = Debug|Any CPU
		{FEAF9D89-445C-B2D6-555C-AC7BFE60C9D6}.Release|Any CPU.ActiveCfg = Release|Any CPU
		{FEAF9D89-445C-B2D6-555C-AC7BFE60C9D6}.Release|Any CPU.Build.0 = Release|Any CPU
		{990AB6D1-A4FD-E306-E0B1-F36A952D7F12}.Debug|Any CPU.ActiveCfg = Debug|Any CPU
		{990AB6D1-A4FD-E306-E0B1-F36A952D7F12}.Debug|Any CPU.Build.0 = Debug|Any CPU
		{990AB6D1-A4FD-E306-E0B1-F36A952D7F12}.Release|Any CPU.ActiveCfg = Release|Any CPU
		{990AB6D1-A4FD-E306-E0B1-F36A952D7F12}.Release|Any CPU.Build.0 = Release|Any CPU
		{99BD5D33-A733-12EA-C60B-F08EFE05870D}.Debug|Any CPU.ActiveCfg = Debug|Any CPU
		{99BD5D33-A733-12EA-C60B-F08EFE05870D}.Debug|Any CPU.Build.0 = Debug|Any CPU
		{99BD5D33-A733-12EA-C60B-F08EFE05870D}.Release|Any CPU.ActiveCfg = Release|Any CPU
		{99BD5D33-A733-12EA-C60B-F08EFE05870D}.Release|Any CPU.Build.0 = Release|Any CPU
	EndGlobalSection
	GlobalSection(SolutionProperties) = preSolution
		HideSolutionNode = FALSE
	EndGlobalSection
EndGlobal
